
Microsoft Visual Studio Solution File, Format Version 12.00
# Visual Studio Version 16
VisualStudioVersion = 16.0.31515.178
MinimumVisualStudioVersion = 10.0.40219.1
Project("{FAE04EC0-301F-11D3-BF4B-00C04F79EFBC}") = "CRDTs", "CRDTs\CRDTs.csproj", "{78E5B106-4A5F-417B-9BD2-F5BF62F36028}"
EndProject
Project("{FAE04EC0-301F-11D3-BF4B-00C04F79EFBC}") = "CRDTs.Test", "CRDTs.Test\CRDTs.Test.csproj", "{2BB43E67-6729-421A-AAF6-9ED0C44EC858}"
EndProject
Global
	GlobalSection(SolutionConfigurationPlatforms) = preSolution
		Debug|Any CPU = Debug|Any CPU
		Release|Any CPU = Release|Any CPU
	EndGlobalSection
	GlobalSection(ProjectConfigurationPlatforms) = postSolution
		{78E5B106-4A5F-417B-9BD2-F5BF62F36028}.Debug|Any CPU.ActiveCfg = Debug|Any CPU
		{78E5B106-4A5F-417B-9BD2-F5BF62F36028}.Debug|Any CPU.Build.0 = Debug|Any CPU
		{78E5B106-4A5F-417B-9BD2-F5BF62F36028}.Release|Any CPU.ActiveCfg = Release|Any CPU
		{78E5B106-4A5F-417B-9BD2-F5BF62F36028}.Release|Any CPU.Build.0 = Release|Any CPU
		{2BB43E67-6729-421A-AAF6-9ED0C44EC858}.Debug|Any CPU.ActiveCfg = Debug|Any CPU
		{2BB43E67-6729-421A-AAF6-9ED0C44EC858}.Debug|Any CPU.Build.0 = Debug|Any CPU
		{2BB43E67-6729-421A-AAF6-9ED0C44EC858}.Release|Any CPU.ActiveCfg = Release|Any CPU
		{2BB43E67-6729-421A-AAF6-9ED0C44EC858}.Release|Any CPU.Build.0 = Release|Any CPU
	EndGlobalSection
	GlobalSection(SolutionProperties) = preSolution
		HideSolutionNode = FALSE
	EndGlobalSection
	GlobalSection(ExtensibilityGlobals) = postSolution
		SolutionGuid = {177F52E1-711F-4E97-9CA5-5A1852920EE3}
	EndGlobalSection
EndGlobal
